Microsoft Visual Studio Solution File, Format Version 12.00
# Visual Studio Version 17
VisualStudioVersion = 17.5.2.0
MinimumVisualStudioVersion = 10.0.40219.1
Project("{FAE04EC0-301F-11D3-BF4B-00C04F79EFBC}") = "TeamsApiApp", "TeamsApiApp\TeamsApiApp.csproj", "{2064C8B6-0B48-F330-CABE-4DD5E145B6BA}"
EndProject
Global
	GlobalSection(SolutionConfigurationPlatforms) = preSolution
		Debug|Any CPU = Debug|Any CPU
		Release|Any CPU = Release|Any CPU
	EndGlobalSection
	GlobalSection(ProjectConfigurationPlatforms) = postSolution
		{2064C8B6-0B48-F330-CABE-4DD5E145B6BA}.Debug|Any CPU.ActiveCfg = Debug|Any CPU
		{2064C8B6-0B48-F330-CABE-4DD5E145B6BA}.Debug|Any CPU.Build.0 = Debug|Any CPU
		{2064C8B6-0B48-F330-CABE-4DD5E145B6BA}.Release|Any CPU.ActiveCfg = Release|Any CPU
		{2064C8B6-0B48-F330-CABE-4DD5E145B6BA}.Release|Any CPU.Build.0 = Release|Any CPU
	EndGlobalSection
	GlobalSection(SolutionProperties) = preSolution
		HideSolutionNode = FALSE
	EndGlobalSection
	GlobalSection(ExtensibilityGlobals) = postSolution
		SolutionGuid = {6FF264A3-DA11-4B96-A557-A0A33CBF7F6C}
	EndGlobalSection
EndGlobal
